
Microsoft Visual Studio Solution File, Format Version 12.00
# Visual Studio 2013
VisualStudioVersion = 12.0.31101.0
MinimumVisualStudioVersion = 10.0.40219.1
Project("{FAE04EC0-301F-11D3-BF4B-00C04F79EFBC}") = "iSupportFeedback", "iSupportFeedback\iSupportFeedback.csproj", "{8BEEE387-CC71-43BD-9BC0-6F8A7CB1E8D0}"
EndProject
Global
	GlobalSection(SolutionConfigurationPlatforms) = preSolution
		Debug|Any CPU = Debug|Any CPU
		Release|Any CPU = Release|Any CPU
	EndGlobalSection
	GlobalSection(ProjectConfigurationPlatforms) = postSolution
		{8BEEE387-CC71-43BD-9BC0-6F8A7CB1E8D0}.Debug|Any CPU.ActiveCfg = Debug|Any CPU
		{8BEEE387-CC71-43BD-9BC0-6F8A7CB1E8D0}.Debug|Any CPU.Build.0 = Debug|Any CPU
		{8BEEE387-CC71-43BD-9BC0-6F8A7CB1E8D0}.Release|Any CPU.ActiveCfg = Release|Any CPU
		{8BEEE387-CC71-43BD-9BC0-6F8A7CB1E8D0}.Release|Any CPU.Build.0 = Release|Any CPU
	EndGlobalSection
	GlobalSection(SolutionProperties) = preSolution
		HideSolutionNode = FALSE
	EndGlobalSection
EndGlobal
